
Microsoft Visual Studio Solution File, Format Version 12.00
# Visual Studio Version 17
VisualStudioVersion = 17.8.34525.116
MinimumVisualStudioVersion = 10.0.40219.1
Project("{2150E333-8FDC-42A3-9474-1A3956D46DE8}") = "src", "src", "{92F00E9F-5CEF-41A8-816E-469E019C8995}"
EndProject
Project("{2150E333-8FDC-42A3-9474-1A3956D46DE8}") = "04.Presentation", "04.Presentation", "{9F96BFB5-22C9-4EC7-9982-4D74425FA25E}"
EndProject
Project("{9A19103F-16F7-4668-BE54-9A1E7A4F7556}") = "OAuth-Presentation", "src\04.Presentation\OAuth-Presentation\OAuth-Presentation.csproj", "{FC318279-E121-42EF-B173-A9F7D2F98148}"
EndProject
Global
	GlobalSection(SolutionConfigurationPlatforms) = preSolution
		Debug|Any CPU = Debug|Any CPU
		Release|Any CPU = Release|Any CPU
	EndGlobalSection
	GlobalSection(ProjectConfigurationPlatforms) = postSolution
		{FC318279-E121-42EF-B173-A9F7D2F98148}.Debug|Any CPU.ActiveCfg = Debug|Any CPU
		{FC318279-E121-42EF-B173-A9F7D2F98148}.Debug|Any CPU.Build.0 = Debug|Any CPU
		{FC318279-E121-42EF-B173-A9F7D2F98148}.Release|Any CPU.ActiveCfg = Release|Any CPU
		{FC318279-E121-42EF-B173-A9F7D2F98148}.Release|Any CPU.Build.0 = Release|Any CPU
	EndGlobalSection
	GlobalSection(SolutionProperties) = preSolution
		HideSolutionNode = FALSE
	EndGlobalSection
	GlobalSection(NestedProjects) = preSolution
		{9F96BFB5-22C9-4EC7-9982-4D74425FA25E} = {92F00E9F-5CEF-41A8-816E-469E019C8995}
		{FC318279-E121-42EF-B173-A9F7D2F98148} = {9F96BFB5-22C9-4EC7-9982-4D74425FA25E}
	EndGlobalSection
	GlobalSection(ExtensibilityGlobals) = postSolution
		SolutionGuid = {A7B22739-4A9A-410F-8E80-CC6E549C5EA5}
	EndGlobalSection
EndGlobal
