
Microsoft Visual Studio Solution File, Format Version 12.00
# Visual Studio Version 17
VisualStudioVersion = 17.8.34525.116
MinimumVisualStudioVersion = 10.0.40219.1
Project("{2150E333-8FDC-42A3-9474-1A3956D46DE8}") = "src", "src", "{92F00E9F-5CEF-41A8-816E-469E019C8995}"
EndProject
Project("{2150E333-8FDC-42A3-9474-1A3956D46DE8}") = "01.Core", "01.Core", "{CE45455B-0745-4C33-A2E0-C5B5278134EF}"
EndProject
Project("{2150E333-8FDC-42A3-9474-1A3956D46DE8}") = "02.Application", "02.Application", "{88DBC683-B331-4B84-BA77-ACC1AA207AE5}"
EndProject
Project("{2150E333-8FDC-42A3-9474-1A3956D46DE8}") = "03.Infrastructure", "03.Infrastructure", "{D032E0CC-562B-4D18-86EC-A43E9EEF4602}"
EndProject
Project("{2150E333-8FDC-42A3-9474-1A3956D46DE8}") = "04.Presentation", "04.Presentation", "{9F96BFB5-22C9-4EC7-9982-4D74425FA25E}"
EndProject
Project("{9A19103F-16F7-4668-BE54-9A1E7A4F7556}") = "OAuth-Front.Core", "src\01.Core\OAuth-Front.Core\OAuth-Front.Core.csproj", "{4019EBAB-36A3-4778-9C84-72B09A85FCA7}"
EndProject
Project("{9A19103F-16F7-4668-BE54-9A1E7A4F7556}") = "OAuth-Front.Application", "src\02.Application\OAuth-Front.Application\OAuth-Front.Application.csproj", "{70C8A124-49A2-4C04-9421-5ADFAA16E3B8}"
EndProject
Project("{9A19103F-16F7-4668-BE54-9A1E7A4F7556}") = "OAuth-Infrastructure", "src\03.Infrastructure\OAuth-Infrastructure\OAuth-Infrastructure.csproj", "{8682145B-4797-466C-98EE-05051AC89CEB}"
EndProject
Project("{9A19103F-16F7-4668-BE54-9A1E7A4F7556}") = "OAuth-Presentation", "src\04.Presentation\OAuth-Presentation\OAuth-Presentation.csproj", "{FC318279-E121-42EF-B173-A9F7D2F98148}"
EndProject
Project("{2150E333-8FDC-42A3-9474-1A3956D46DE8}") = "00.Common", "00.Common", "{A1703A43-0F0D-4E23-AACA-4EC51B14C90F}"
EndProject
Project("{9A19103F-16F7-4668-BE54-9A1E7A4F7556}") = "OAuth-Front.Common", "src\00.Common\OAuth-Front\OAuth-Front.Common.csproj", "{F44818FE-FFDE-4098-BCF8-D779213A1E16}"
EndProject
Global
	GlobalSection(SolutionConfigurationPlatforms) = preSolution
		Debug|Any CPU = Debug|Any CPU
		Release|Any CPU = Release|Any CPU
	EndGlobalSection
	GlobalSection(ProjectConfigurationPlatforms) = postSolution
		{4019EBAB-36A3-4778-9C84-72B09A85FCA7}.Debug|Any CPU.ActiveCfg = Debug|Any CPU
		{4019EBAB-36A3-4778-9C84-72B09A85FCA7}.Debug|Any CPU.Build.0 = Debug|Any CPU
		{4019EBAB-36A3-4778-9C84-72B09A85FCA7}.Release|Any CPU.ActiveCfg = Release|Any CPU
		{4019EBAB-36A3-4778-9C84-72B09A85FCA7}.Release|Any CPU.Build.0 = Release|Any CPU
		{70C8A124-49A2-4C04-9421-5ADFAA16E3B8}.Debug|Any CPU.ActiveCfg = Debug|Any CPU
		{70C8A124-49A2-4C04-9421-5ADFAA16E3B8}.Debug|Any CPU.Build.0 = Debug|Any CPU
		{70C8A124-49A2-4C04-9421-5ADFAA16E3B8}.Release|Any CPU.ActiveCfg = Release|Any CPU
		{70C8A124-49A2-4C04-9421-5ADFAA16E3B8}.Release|Any CPU.Build.0 = Release|Any CPU
		{8682145B-4797-466C-98EE-05051AC89CEB}.Debug|Any CPU.ActiveCfg = Debug|Any CPU
		{8682145B-4797-466C-98EE-05051AC89CEB}.Debug|Any CPU.Build.0 = Debug|Any CPU
		{8682145B-4797-466C-98EE-05051AC89CEB}.Release|Any CPU.ActiveCfg = Release|Any CPU
		{8682145B-4797-466C-98EE-05051AC89CEB}.Release|Any CPU.Build.0 = Release|Any CPU
		{FC318279-E121-42EF-B173-A9F7D2F98148}.Debug|Any CPU.ActiveCfg = Debug|Any CPU
		{FC318279-E121-42EF-B173-A9F7D2F98148}.Debug|Any CPU.Build.0 = Debug|Any CPU
		{FC318279-E121-42EF-B173-A9F7D2F98148}.Release|Any CPU.ActiveCfg = Release|Any CPU
		{FC318279-E121-42EF-B173-A9F7D2F98148}.Release|Any CPU.Build.0 = Release|Any CPU
		{F44818FE-FFDE-4098-BCF8-D779213A1E16}.Debug|Any CPU.ActiveCfg = Debug|Any CPU
		{F44818FE-FFDE-4098-BCF8-D779213A1E16}.Debug|Any CPU.Build.0 = Debug|Any CPU
		{F44818FE-FFDE-4098-BCF8-D779213A1E16}.Release|Any CPU.ActiveCfg = Release|Any CPU
		{F44818FE-FFDE-4098-BCF8-D779213A1E16}.Release|Any CPU.Build.0 = Release|Any CPU
	EndGlobalSection
	GlobalSection(SolutionProperties) = preSolution
		HideSolutionNode = FALSE
	EndGlobalSection
	GlobalSection(NestedProjects) = preSolution
		{CE45455B-0745-4C33-A2E0-C5B5278134EF} = {92F00E9F-5CEF-41A8-816E-469E019C8995}
		{88DBC683-B331-4B84-BA77-ACC1AA207AE5} = {92F00E9F-5CEF-41A8-816E-469E019C8995}
		{D032E0CC-562B-4D18-86EC-A43E9EEF4602} = {92F00E9F-5CEF-41A8-816E-469E019C8995}
		{9F96BFB5-22C9-4EC7-9982-4D74425FA25E} = {92F00E9F-5CEF-41A8-816E-469E019C8995}
		{4019EBAB-36A3-4778-9C84-72B09A85FCA7} = {CE45455B-0745-4C33-A2E0-C5B5278134EF}
		{70C8A124-49A2-4C04-9421-5ADFAA16E3B8} = {88DBC683-B331-4B84-BA77-ACC1AA207AE5}
		{8682145B-4797-466C-98EE-05051AC89CEB} = {D032E0CC-562B-4D18-86EC-A43E9EEF4602}
		{FC318279-E121-42EF-B173-A9F7D2F98148} = {9F96BFB5-22C9-4EC7-9982-4D74425FA25E}
		{A1703A43-0F0D-4E23-AACA-4EC51B14C90F} = {92F00E9F-5CEF-41A8-816E-469E019C8995}
		{F44818FE-FFDE-4098-BCF8-D779213A1E16} = {A1703A43-0F0D-4E23-AACA-4EC51B14C90F}
	EndGlobalSection
	GlobalSection(ExtensibilityGlobals) = postSolution
		SolutionGuid = {A7B22739-4A9A-410F-8E80-CC6E549C5EA5}
	EndGlobalSection
EndGlobal
